
Microsoft Visual Studio Solution File, Format Version 12.00
# Visual Studio Version 16
VisualStudioVersion = 16.0.32228.343
MinimumVisualStudioVersion = 10.0.40219.1
Project("{FAE04EC0-301F-11D3-BF4B-00C04F79EFBC}") = "ICTPRG532OktayTurduFE", "ICTPRG532OktayTurduFE\ICTPRG532OktayTurduFE.csproj", "{F84525C5-9C45-4C3E-8941-97DA8BAD286C}"
EndProject
Global
	GlobalSection(SolutionConfigurationPlatforms) = preSolution
		Debug|Any CPU = Debug|Any CPU
		Release|Any CPU = Release|Any CPU
	EndGlobalSection
	GlobalSection(ProjectConfigurationPlatforms) = postSolution
		{F84525C5-9C45-4C3E-8941-97DA8BAD286C}.Debug|Any CPU.ActiveCfg = Debug|Any CPU
		{F84525C5-9C45-4C3E-8941-97DA8BAD286C}.Debug|Any CPU.Build.0 = Debug|Any CPU
		{F84525C5-9C45-4C3E-8941-97DA8BAD286C}.Release|Any CPU.ActiveCfg = Release|Any CPU
		{F84525C5-9C45-4C3E-8941-97DA8BAD286C}.Release|Any CPU.Build.0 = Release|Any CPU
	EndGlobalSection
	GlobalSection(SolutionProperties) = preSolution
		HideSolutionNode = FALSE
	EndGlobalSection
	GlobalSection(ExtensibilityGlobals) = postSolution
		SolutionGuid = {616B2BDC-7303-4981-8568-0BAEC170F500}
	EndGlobalSection
EndGlobal
